
Microsoft Visual Studio Solution File, Format Version 12.00
# Visual Studio 2013
VisualStudioVersion = 12.0.21005.1
MinimumVisualStudioVersion = 10.0.40219.1
Project("{8BC9CEB8-8B4A-11D0-8D11-00A0C91BC942}") = "Lab_03", "Lab_03\Lab_03.vcxproj", "{6A69F6CE-B435-4B03-AD1F-0A2A47AA265C}"
EndProject
Project("{8BC9CEB8-8B4A-11D0-8D11-00A0C91BC942}") = "C_RK_1_preparation", "C_RK_1_preparation\C_RK_1_preparation.vcxproj", "{A5660E1B-2945-4C1C-98B5-EEC1DCD48B56}"
EndProject
Project("{8BC9CEB8-8B4A-11D0-8D11-00A0C91BC942}") = "Lab_04", "Lab_04\Lab_04.vcxproj", "{52CB1EC6-08E8-4437-8DA6-FDA7774E875B}"
EndProject
Project("{8BC9CEB8-8B4A-11D0-8D11-00A0C91BC942}") = "DoubleList", "DoubleList\DoubleList.vcxproj", "{C0E1B24C-8606-4118-8B82-6E8F4DBB918D}"
EndProject
Project("{8BC9CEB8-8B4A-11D0-8D11-00A0C91BC942}") = "Lab_05", "Lab_05\Lab_05.vcxproj", "{16D6F5F4-C93D-4FE1-9166-BDAF4648F83D}"
EndProject
Project("{8BC9CEB8-8B4A-11D0-8D11-00A0C91BC942}") = "Lab_06 (Trees)", "Lab_06 (Trees)\Lab_06 (Trees).vcxproj", "{2411DDA4-F760-4596-B4F1-E28E292E1629}"
EndProject
Project("{8BC9CEB8-8B4A-11D0-8D11-00A0C91BC942}") = "Lab_08", "Lab_08\Lab_08.vcxproj", "{DC3F4C84-7D70-4A0A-9B36-2AB6E84E3216}"
EndProject
Global
	GlobalSection(SolutionConfigurationPlatforms) = preSolution
		Debug|Any CPU = Debug|Any CPU
		Debug|Mixed Platforms = Debug|Mixed Platforms
		Debug|Win32 = Debug|Win32
		Release|Any CPU = Release|Any CPU
		Release|Mixed Platforms = Release|Mixed Platforms
		Release|Win32 = Release|Win32
	EndGlobalSection
	GlobalSection(ProjectConfigurationPlatforms) = postSolution
		{6A69F6CE-B435-4B03-AD1F-0A2A47AA265C}.Debug|Any CPU.ActiveCfg = Debug|Win32
		{6A69F6CE-B435-4B03-AD1F-0A2A47AA265C}.Debug|Mixed Platforms.ActiveCfg = Debug|Win32
		{6A69F6CE-B435-4B03-AD1F-0A2A47AA265C}.Debug|Mixed Platforms.Build.0 = Debug|Win32
		{6A69F6CE-B435-4B03-AD1F-0A2A47AA265C}.Debug|Win32.ActiveCfg = Debug|Win32
		{6A69F6CE-B435-4B03-AD1F-0A2A47AA265C}.Debug|Win32.Build.0 = Debug|Win32
		{6A69F6CE-B435-4B03-AD1F-0A2A47AA265C}.Release|Any CPU.ActiveCfg = Release|Win32
		{6A69F6CE-B435-4B03-AD1F-0A2A47AA265C}.Release|Mixed Platforms.ActiveCfg = Release|Win32
		{6A69F6CE-B435-4B03-AD1F-0A2A47AA265C}.Release|Mixed Platforms.Build.0 = Release|Win32
		{6A69F6CE-B435-4B03-AD1F-0A2A47AA265C}.Release|Win32.ActiveCfg = Release|Win32
		{6A69F6CE-B435-4B03-AD1F-0A2A47AA265C}.Release|Win32.Build.0 = Release|Win32
		{A5660E1B-2945-4C1C-98B5-EEC1DCD48B56}.Debug|Any CPU.ActiveCfg = Debug|Win32
		{A5660E1B-2945-4C1C-98B5-EEC1DCD48B56}.Debug|Mixed Platforms.ActiveCfg = Debug|Win32
		{A5660E1B-2945-4C1C-98B5-EEC1DCD48B56}.Debug|Mixed Platforms.Build.0 = Debug|Win32
		{A5660E1B-2945-4C1C-98B5-EEC1DCD48B56}.Debug|Win32.ActiveCfg = Debug|Win32
		{A5660E1B-2945-4C1C-98B5-EEC1DCD48B56}.Debug|Win32.Build.0 = Debug|Win32
		{A5660E1B-2945-4C1C-98B5-EEC1DCD48B56}.Release|Any CPU.ActiveCfg = Release|Win32
		{A5660E1B-2945-4C1C-98B5-EEC1DCD48B56}.Release|Mixed Platforms.ActiveCfg = Release|Win32
		{A5660E1B-2945-4C1C-98B5-EEC1DCD48B56}.Release|Mixed Platforms.Build.0 = Release|Win32
		{A5660E1B-2945-4C1C-98B5-EEC1DCD48B56}.Release|Win32.ActiveCfg = Release|Win32
		{A5660E1B-2945-4C1C-98B5-EEC1DCD48B56}.Release|Win32.Build.0 = Release|Win32
		{52CB1EC6-08E8-4437-8DA6-FDA7774E875B}.Debug|Any CPU.ActiveCfg = Debug|Win32
		{52CB1EC6-08E8-4437-8DA6-FDA7774E875B}.Debug|Mixed Platforms.ActiveCfg = Debug|Win32
		{52CB1EC6-08E8-4437-8DA6-FDA7774E875B}.Debug|Mixed Platforms.Build.0 = Debug|Win32
		{52CB1EC6-08E8-4437-8DA6-FDA7774E875B}.Debug|Win32.ActiveCfg = Debug|Win32
		{52CB1EC6-08E8-4437-8DA6-FDA7774E875B}.Debug|Win32.Build.0 = Debug|Win32
		{52CB1EC6-08E8-4437-8DA6-FDA7774E875B}.Release|Any CPU.ActiveCfg = Release|Win32
		{52CB1EC6-08E8-4437-8DA6-FDA7774E875B}.Release|Mixed Platforms.ActiveCfg = Release|Win32
		{52CB1EC6-08E8-4437-8DA6-FDA7774E875B}.Release|Mixed Platforms.Build.0 = Release|Win32
		{52CB1EC6-08E8-4437-8DA6-FDA7774E875B}.Release|Win32.ActiveCfg = Release|Win32
		{52CB1EC6-08E8-4437-8DA6-FDA7774E875B}.Release|Win32.Build.0 = Release|Win32
		{C0E1B24C-8606-4118-8B82-6E8F4DBB918D}.Debug|Any CPU.ActiveCfg = Debug|Win32
		{C0E1B24C-8606-4118-8B82-6E8F4DBB918D}.Debug|Mixed Platforms.ActiveCfg = Debug|Win32
		{C0E1B24C-8606-4118-8B82-6E8F4DBB918D}.Debug|Mixed Platforms.Build.0 = Debug|Win32
		{C0E1B24C-8606-4118-8B82-6E8F4DBB918D}.Debug|Win32.ActiveCfg = Debug|Win32
		{C0E1B24C-8606-4118-8B82-6E8F4DBB918D}.Debug|Win32.Build.0 = Debug|Win32
		{C0E1B24C-8606-4118-8B82-6E8F4DBB918D}.Release|Any CPU.ActiveCfg = Release|Win32
		{C0E1B24C-8606-4118-8B82-6E8F4DBB918D}.Release|Mixed Platforms.ActiveCfg = Release|Win32
		{C0E1B24C-8606-4118-8B82-6E8F4DBB918D}.Release|Mixed Platforms.Build.0 = Release|Win32
		{C0E1B24C-8606-4118-8B82-6E8F4DBB918D}.Release|Win32.ActiveCfg = Release|Win32
		{C0E1B24C-8606-4118-8B82-6E8F4DBB918D}.Release|Win32.Build.0 = Release|Win32
		{16D6F5F4-C93D-4FE1-9166-BDAF4648F83D}.Debug|Any CPU.ActiveCfg = Debug|Win32
		{16D6F5F4-C93D-4FE1-9166-BDAF4648F83D}.Debug|Mixed Platforms.ActiveCfg = Debug|Win32
		{16D6F5F4-C93D-4FE1-9166-BDAF4648F83D}.Debug|Mixed Platforms.Build.0 = Debug|Win32
		{16D6F5F4-C93D-4FE1-9166-BDAF4648F83D}.Debug|Win32.ActiveCfg = Debug|Win32
		{16D6F5F4-C93D-4FE1-9166-BDAF4648F83D}.Debug|Win32.Build.0 = Debug|Win32
		{16D6F5F4-C93D-4FE1-9166-BDAF4648F83D}.Release|Any CPU.ActiveCfg = Release|Win32
		{16D6F5F4-C93D-4FE1-9166-BDAF4648F83D}.Release|Mixed Platforms.ActiveCfg = Release|Win32
		{16D6F5F4-C93D-4FE1-9166-BDAF4648F83D}.Release|Mixed Platforms.Build.0 = Release|Win32
		{16D6F5F4-C93D-4FE1-9166-BDAF4648F83D}.Release|Win32.ActiveCfg = Release|Win32
		{16D6F5F4-C93D-4FE1-9166-BDAF4648F83D}.Release|Win32.Build.0 = Release|Win32
		{2411DDA4-F760-4596-B4F1-E28E292E1629}.Debug|Any CPU.ActiveCfg = Debug|Win32
		{2411DDA4-F760-4596-B4F1-E28E292E1629}.Debug|Mixed Platforms.ActiveCfg = Debug|Win32
		{2411DDA4-F760-4596-B4F1-E28E292E1629}.Debug|Mixed Platforms.Build.0 = Debug|Win32
		{2411DDA4-F760-4596-B4F1-E28E292E1629}.Debug|Win32.ActiveCfg = Debug|Win32
		{2411DDA4-F760-4596-B4F1-E28E292E1629}.Debug|Win32.Build.0 = Debug|Win32
		{2411DDA4-F760-4596-B4F1-E28E292E1629}.Release|Any CPU.ActiveCfg = Release|Win32
		{2411DDA4-F760-4596-B4F1-E28E292E1629}.Release|Mixed Platforms.ActiveCfg = Release|Win32
		{2411DDA4-F760-4596-B4F1-E28E292E1629}.Release|Mixed Platforms.Build.0 = Release|Win32
		{2411DDA4-F760-4596-B4F1-E28E292E1629}.Release|Win32.ActiveCfg = Release|Win32
		{2411DDA4-F760-4596-B4F1-E28E292E1629}.Release|Win32.Build.0 = Release|Win32
		{DC3F4C84-7D70-4A0A-9B36-2AB6E84E3216}.Debug|Any CPU.ActiveCfg = Debug|Win32
		{DC3F4C84-7D70-4A0A-9B36-2AB6E84E3216}.Debug|Mixed Platforms.ActiveCfg = Debug|Win32
		{DC3F4C84-7D70-4A0A-9B36-2AB6E84E3216}.Debug|Mixed Platforms.Build.0 = Debug|Win32
		{DC3F4C84-7D70-4A0A-9B36-2AB6E84E3216}.Debug|Win32.ActiveCfg = Debug|Win32
		{DC3F4C84-7D70-4A0A-9B36-2AB6E84E3216}.Debug|Win32.Build.0 = Debug|Win32
		{DC3F4C84-7D70-4A0A-9B36-2AB6E84E3216}.Release|Any CPU.ActiveCfg = Release|Win32
		{DC3F4C84-7D70-4A0A-9B36-2AB6E84E3216}.Release|Mixed Platforms.ActiveCfg = Release|Win32
		{DC3F4C84-7D70-4A0A-9B36-2AB6E84E3216}.Release|Mixed Platforms.Build.0 = Release|Win32
		{DC3F4C84-7D70-4A0A-9B36-2AB6E84E3216}.Release|Win32.ActiveCfg = Release|Win32
		{DC3F4C84-7D70-4A0A-9B36-2AB6E84E3216}.Release|Win32.Build.0 = Release|Win32
	EndGlobalSection
	GlobalSection(SolutionProperties) = preSolution
		HideSolutionNode = FALSE
	EndGlobalSection
EndGlobal
